
Microsoft Visual Studio Solution File, Format Version 12.00
# Visual Studio Version 17
VisualStudioVersion = 17.5.002.0
MinimumVisualStudioVersion = 10.0.40219.1
Project("{2150E333-8FDC-42A3-9474-1A3956D46DE8}") = "SleighList", "SleighList", "{90EE1C4B-007B-4E0A-8276-1F57F8CDC948}"
EndProject
Project("{9A19103F-16F7-4668-BE54-9A1E7A4F7556}") = "SleighList", "SleighList\SleighList\SleighList.csproj", "{7C019958-8F5F-4118-ADCD-0E35DC26CBF8}"
EndProject
Global
	GlobalSection(SolutionConfigurationPlatforms) = preSolution
		Debug|Any CPU = Debug|Any CPU
		Release|Any CPU = Release|Any CPU
	EndGlobalSection
	GlobalSection(ProjectConfigurationPlatforms) = postSolution
		{7C019958-8F5F-4118-ADCD-0E35DC26CBF8}.Debug|Any CPU.ActiveCfg = Debug|Any CPU
		{7C019958-8F5F-4118-ADCD-0E35DC26CBF8}.Debug|Any CPU.Build.0 = Debug|Any CPU
		{7C019958-8F5F-4118-ADCD-0E35DC26CBF8}.Release|Any CPU.ActiveCfg = Release|Any CPU
		{7C019958-8F5F-4118-ADCD-0E35DC26CBF8}.Release|Any CPU.Build.0 = Release|Any CPU
	EndGlobalSection
	GlobalSection(SolutionProperties) = preSolution
		HideSolutionNode = FALSE
	EndGlobalSection
	GlobalSection(NestedProjects) = preSolution
		{7C019958-8F5F-4118-ADCD-0E35DC26CBF8} = {90EE1C4B-007B-4E0A-8276-1F57F8CDC948}
	EndGlobalSection
	GlobalSection(ExtensibilityGlobals) = postSolution
		SolutionGuid = {34510DD6-BC88-4DCA-8F95-FF5F10CF4246}
	EndGlobalSection
EndGlobal
